
Microsoft Visual Studio Solution File, Format Version 12.00
# Visual Studio Version 16
VisualStudioVersion = 16.0.31613.86
MinimumVisualStudioVersion = 10.0.40219.1
Project("{8BC9CEB8-8B4A-11D0-8D11-00A0C91BC942}") = "PlaylistSearch", "PlaylistSearch\PlaylistSearch.vcxproj", "{953056DC-BF2A-4347-905F-240F06F23213}"
EndProject
Global
	GlobalSection(SolutionConfigurationPlatforms) = preSolution
		Debug|x64 = Debug|x64
		Debug|x86 = Debug|x86
		Release|x64 = Release|x64
		Release|x86 = Release|x86
	EndGlobalSection
	GlobalSection(ProjectConfigurationPlatforms) = postSolution
		{953056DC-BF2A-4347-905F-240F06F23213}.Debug|x64.ActiveCfg = Debug|x64
		{953056DC-BF2A-4347-905F-240F06F23213}.Debug|x64.Build.0 = Debug|x64
		{953056DC-BF2A-4347-905F-240F06F23213}.Debug|x86.ActiveCfg = Debug|Win32
		{953056DC-BF2A-4347-905F-240F06F23213}.Debug|x86.Build.0 = Debug|Win32
		{953056DC-BF2A-4347-905F-240F06F23213}.Release|x64.ActiveCfg = Release|x64
		{953056DC-BF2A-4347-905F-240F06F23213}.Release|x64.Build.0 = Release|x64
		{953056DC-BF2A-4347-905F-240F06F23213}.Release|x86.ActiveCfg = Release|Win32
		{953056DC-BF2A-4347-905F-240F06F23213}.Release|x86.Build.0 = Release|Win32
	EndGlobalSection
	GlobalSection(SolutionProperties) = preSolution
		HideSolutionNode = FALSE
	EndGlobalSection
	GlobalSection(ExtensibilityGlobals) = postSolution
		SolutionGuid = {72A18791-58DA-4452-8261-F80E77121075}
	EndGlobalSection
EndGlobal
